
Microsoft Visual Studio Solution File, Format Version 12.00
# Visual Studio 2012
Project("{F184B08F-C81C-45F6-A57F-5ABD9991F28F}") = "First", "First\First.vbproj", "{30093671-F46E-4391-B67E-6FB52877F5FD}"
EndProject
Global
	GlobalSection(SolutionConfigurationPlatforms) = preSolution
		Debug|Any CPU = Debug|Any CPU
		Release|Any CPU = Release|Any CPU
	EndGlobalSection
	GlobalSection(ProjectConfigurationPlatforms) = postSolution
		{30093671-F46E-4391-B67E-6FB52877F5FD}.Debug|Any CPU.ActiveCfg = Debug|Any CPU
		{30093671-F46E-4391-B67E-6FB52877F5FD}.Debug|Any CPU.Build.0 = Debug|Any CPU
		{30093671-F46E-4391-B67E-6FB52877F5FD}.Release|Any CPU.ActiveCfg = Release|Any CPU
		{30093671-F46E-4391-B67E-6FB52877F5FD}.Release|Any CPU.Build.0 = Release|Any CPU
	EndGlobalSection
	GlobalSection(SolutionProperties) = preSolution
		HideSolutionNode = FALSE
	EndGlobalSection
EndGlobal
